
Microsoft Visual Studio Solution File, Format Version 12.00
# Visual Studio 15
VisualStudioVersion = 15.0.26730.12
MinimumVisualStudioVersion = 10.0.40219.1
Project("{FAE04EC0-301F-11D3-BF4B-00C04F79EFBC}") = "Graphics_6", "Graphics_6\Graphics_6.csproj", "{CE9DAB5F-6BC8-4BAD-AFAB-613090694AC3}"
EndProject
Project("{FAE04EC0-301F-11D3-BF4B-00C04F79EFBC}") = "CustomMath", "LibraryForThisTask\CustomMath.csproj", "{929DAF38-9900-44FD-AE5F-7A037068139C}"
EndProject
Project("{FAE04EC0-301F-11D3-BF4B-00C04F79EFBC}") = "MyGraphics", "MyGraphics\MyGraphics.csproj", "{E57AF941-14A8-4350-884E-7EC73775BB99}"
EndProject
Global
	GlobalSection(SolutionConfigurationPlatforms) = preSolution
		Debug|Any CPU = Debug|Any CPU
		Release|Any CPU = Release|Any CPU
	EndGlobalSection
	GlobalSection(ProjectConfigurationPlatforms) = postSolution
		{CE9DAB5F-6BC8-4BAD-AFAB-613090694AC3}.Debug|Any CPU.ActiveCfg = Debug|Any CPU
		{CE9DAB5F-6BC8-4BAD-AFAB-613090694AC3}.Debug|Any CPU.Build.0 = Debug|Any CPU
		{CE9DAB5F-6BC8-4BAD-AFAB-613090694AC3}.Release|Any CPU.ActiveCfg = Release|Any CPU
		{CE9DAB5F-6BC8-4BAD-AFAB-613090694AC3}.Release|Any CPU.Build.0 = Release|Any CPU
		{929DAF38-9900-44FD-AE5F-7A037068139C}.Debug|Any CPU.ActiveCfg = Debug|Any CPU
		{929DAF38-9900-44FD-AE5F-7A037068139C}.Debug|Any CPU.Build.0 = Debug|Any CPU
		{929DAF38-9900-44FD-AE5F-7A037068139C}.Release|Any CPU.ActiveCfg = Release|Any CPU
		{929DAF38-9900-44FD-AE5F-7A037068139C}.Release|Any CPU.Build.0 = Release|Any CPU
		{E57AF941-14A8-4350-884E-7EC73775BB99}.Debug|Any CPU.ActiveCfg = Debug|Any CPU
		{E57AF941-14A8-4350-884E-7EC73775BB99}.Debug|Any CPU.Build.0 = Debug|Any CPU
		{E57AF941-14A8-4350-884E-7EC73775BB99}.Release|Any CPU.ActiveCfg = Release|Any CPU
		{E57AF941-14A8-4350-884E-7EC73775BB99}.Release|Any CPU.Build.0 = Release|Any CPU
	EndGlobalSection
	GlobalSection(SolutionProperties) = preSolution
		HideSolutionNode = FALSE
	EndGlobalSection
	GlobalSection(ExtensibilityGlobals) = postSolution
		SolutionGuid = {5FD2F476-39E6-4633-A8FC-604F73547761}
	EndGlobalSection
EndGlobal
